// !$*UTF8*$!
{
	archiveVersion = 1;
	classes = {
	};
	objectVersion = 55;
	objects = {

/* Begin PBXBuildFile section */
		F80FA2AE283C19DE0017B005 /* AddBinary.swift in Sources */ = {isa = PBXBuildFile; fileRef = F80FA2AD283C19DE0017B005 /* AddBinary.swift */; };
		F80FA2B0283C1E190017B005 /* AddBinaryTests.swift in Sources */ = {isa = PBXBuildFile; fileRef = F80FA2AF283C1E190017B005 /* AddBinaryTests.swift */; };
		F80FA2B2283C22C70017B005 /* sqrt(x).swift in Sources */ = {isa = PBXBuildFile; fileRef = F80FA2B1283C22C70017B005 /* sqrt(x).swift */; };
		F80FA2B4283C23200017B005 /* SquareRootTests.swift in Sources */ = {isa = PBXBuildFile; fileRef = F80FA2B3283C23200017B005 /* SquareRootTests.swift */; };
		F8209FA4287DB0EB00813BDC /* GenerateParentheses.swift in Sources */ = {isa = PBXBuildFile; fileRef = F8209FA3287DB0EB00813BDC /* GenerateParentheses.swift */; };
		F8209FA6287DB16700813BDC /* GenerateParenthsesTests.swift in Sources */ = {isa = PBXBuildFile; fileRef = F8209FA5287DB16700813BDC /* GenerateParenthsesTests.swift */; };
		F8393995287C893200EC9C7F /* SurroundedRegions.swift in Sources */ = {isa = PBXBuildFile; fileRef = F8393994287C893200EC9C7F /* SurroundedRegions.swift */; };
		F8393997287C991300EC9C7F /* MergeIntervals.swift in Sources */ = {isa = PBXBuildFile; fileRef = F8393996287C991300EC9C7F /* MergeIntervals.swift */; };
		F8393999287CA13800EC9C7F /* InvertTree.swift in Sources */ = {isa = PBXBuildFile; fileRef = F8393998287CA13800EC9C7F /* InvertTree.swift */; };
		F839399B287CCC6100EC9C7F /* PalindromicSubStrings.swift in Sources */ = {isa = PBXBuildFile; fileRef = F839399A287CCC6100EC9C7F /* PalindromicSubStrings.swift */; };
		F849ACCC2857BAF900961633 /* IntersactionTwoArrays.swift in Sources */ = {isa = PBXBuildFile; fileRef = F849ACCB2857BAF900961633 /* IntersactionTwoArrays.swift */; };
		F849ACCE2857BF5800961633 /* IntersactionTwoArraysTests.swift in Sources */ = {isa = PBXBuildFile; fileRef = F849ACCD2857BF5800961633 /* IntersactionTwoArraysTests.swift */; };
		F84DB2A628412FE5008D6A19 /* LinkedListCycle.swift in Sources */ = {isa = PBXBuildFile; fileRef = F84DB2A528412FE5008D6A19 /* LinkedListCycle.swift */; };
		F84DB2A82841380F008D6A19 /* MajorityElement.swift in Sources */ = {isa = PBXBuildFile; fileRef = F84DB2A72841380F008D6A19 /* MajorityElement.swift */; };
		F84DB2AA28413A2A008D6A19 /* ClimbingStairs.swift in Sources */ = {isa = PBXBuildFile; fileRef = F84DB2A928413A2A008D6A19 /* ClimbingStairs.swift */; };
		F84DB2AC2842A2B2008D6A19 /* Pascal's Triangle.swift in Sources */ = {isa = PBXBuildFile; fileRef = F84DB2AB2842A2B2008D6A19 /* Pascal's Triangle.swift */; };
		F84DB2AE2842A765008D6A19 /* BinaryTree.swift in Sources */ = {isa = PBXBuildFile; fileRef = F84DB2AD2842A765008D6A19 /* BinaryTree.swift */; };
		F84DB2B02842A7D1008D6A19 /* BinaryTreeInorderTraversal.swift in Sources */ = {isa = PBXBuildFile; fileRef = F84DB2AF2842A7D1008D6A19 /* BinaryTreeInorderTraversal.swift */; };
		F84DB2B22842B2DC008D6A19 /* BTInOrderTraversal.swift in Sources */ = {isa = PBXBuildFile; fileRef = F84DB2B12842B2DC008D6A19 /* BTInOrderTraversal.swift */; };
		F851870F284CE2AE004C05E8 /* SameTree.swift in Sources */ = {isa = PBXBuildFile; fileRef = F851870E284CE2AE004C05E8 /* SameTree.swift */; };
		F8518711284CE552004C05E8 /* SameTreeTests.swift in Sources */ = {isa = PBXBuildFile; fileRef = F8518710284CE552004C05E8 /* SameTreeTests.swift */; };
		F854A9072847EC2900CC1332 /* UniqueMeals.swift in Sources */ = {isa = PBXBuildFile; fileRef = F854A9062847EC2900CC1332 /* UniqueMeals.swift */; };
		F854A9092847EC5A00CC1332 /* UniqueMealsTests.swift in Sources */ = {isa = PBXBuildFile; fileRef = F854A9082847EC5A00CC1332 /* UniqueMealsTests.swift */; };
		F854A91E2847F21900CC1332 /* ReviewStats.swift in Sources */ = {isa = PBXBuildFile; fileRef = F854A91D2847F21900CC1332 /* ReviewStats.swift */; };
		F854A9202847F65A00CC1332 /* ReviewStatsTests.swift in Sources */ = {isa = PBXBuildFile; fileRef = F854A91F2847F65A00CC1332 /* ReviewStatsTests.swift */; };
		F858A0982833AD390042BB70 /* MergeTwoSortedLists.swift in Sources */ = {isa = PBXBuildFile; fileRef = F858A0972833AD390042BB70 /* MergeTwoSortedLists.swift */; };
		F858A09A2833B2D70042BB70 /* MergeTwoSortedListsTests.swift in Sources */ = {isa = PBXBuildFile; fileRef = F858A0992833B2D70042BB70 /* MergeTwoSortedListsTests.swift */; };
		F858A09D2833B3E40042BB70 /* LinkedList.swift in Sources */ = {isa = PBXBuildFile; fileRef = F858A09C2833B3E40042BB70 /* LinkedList.swift */; };
		F858A09F2836CCBA0042BB70 /* RemoveDuplicatesSortedArray.swift in Sources */ = {isa = PBXBuildFile; fileRef = F858A09E2836CCBA0042BB70 /* RemoveDuplicatesSortedArray.swift */; };
		F858A0A12836CE720042BB70 /* RemoveDuplicatesSortedArrayTests.swift in Sources */ = {isa = PBXBuildFile; fileRef = F858A0A02836CE720042BB70 /* RemoveDuplicatesSortedArrayTests.swift */; };
		F858A0A32836D1410042BB70 /* RemoveElement.swift in Sources */ = {isa = PBXBuildFile; fileRef = F858A0A22836D1410042BB70 /* RemoveElement.swift */; };
		F858A0A52836D2340042BB70 /* RemoveElementTests.swift in Sources */ = {isa = PBXBuildFile; fileRef = F858A0A42836D2340042BB70 /* RemoveElementTests.swift */; };
		F858A0A72836D3FD0042BB70 /* strStrMethod.swift in Sources */ = {isa = PBXBuildFile; fileRef = F858A0A62836D3FD0042BB70 /* strStrMethod.swift */; };
		F858A0A92836D70B0042BB70 /* strStrMethodTests.swift in Sources */ = {isa = PBXBuildFile; fileRef = F858A0A82836D70B0042BB70 /* strStrMethodTests.swift */; };
		F858A0AB2836E2620042BB70 /* SearchInsertPosition.swift in Sources */ = {isa = PBXBuildFile; fileRef = F858A0AA2836E2620042BB70 /* SearchInsertPosition.swift */; };
		F858A0AD2836E30B0042BB70 /* SearchInsertPositionTests.swift in Sources */ = {isa = PBXBuildFile; fileRef = F858A0AC2836E30B0042BB70 /* SearchInsertPositionTests.swift */; };
		F858A0B12836F29A0042BB70 /* BinarySearch.swift in Sources */ = {isa = PBXBuildFile; fileRef = F858A0B02836F29A0042BB70 /* BinarySearch.swift */; };
		F858A0B52836F3AE0042BB70 /* BinarySearchTests.swift in Sources */ = {isa = PBXBuildFile; fileRef = F858A0B42836F3AE0042BB70 /* BinarySearchTests.swift */; };
		F859CBCC285E538300F8DEBC /* SelectionSort.swift in Sources */ = {isa = PBXBuildFile; fileRef = F859CBCB285E538300F8DEBC /* SelectionSort.swift */; };
		F859CBCE285E53A600F8DEBC /* Sort.swift in Sources */ = {isa = PBXBuildFile; fileRef = F859CBCD285E53A600F8DEBC /* Sort.swift */; };
		F859CBD0285E560900F8DEBC /* SelectionSortTests.swift in Sources */ = {isa = PBXBuildFile; fileRef = F859CBCF285E560900F8DEBC /* SelectionSortTests.swift */; };
		F85C06472832D0BA00C7C1D1 /* ValidParentheses.swift in Sources */ = {isa = PBXBuildFile; fileRef = F85C06462832D0BA00C7C1D1 /* ValidParentheses.swift */; };
		F85C06492832DEAA00C7C1D1 /* ValidParenthesesTests.swift in Sources */ = {isa = PBXBuildFile; fileRef = F85C06482832DEAA00C7C1D1 /* ValidParenthesesTests.swift */; };
		F873DD992837B1F3001D7CBE /* MaximumSubArray.swift in Sources */ = {isa = PBXBuildFile; fileRef = F873DD982837B1F3001D7CBE /* MaximumSubArray.swift */; };
		F873DD9B2837BAA3001D7CBE /* MaxSubArrayTests.swift in Sources */ = {isa = PBXBuildFile; fileRef = F873DD9A2837BAA3001D7CBE /* MaxSubArrayTests.swift */; };
		F873DD9D2837C664001D7CBE /* LengthLastWord.swift in Sources */ = {isa = PBXBuildFile; fileRef = F873DD9C2837C664001D7CBE /* LengthLastWord.swift */; };
		F873DD9F2837C7F5001D7CBE /* LengthLastWordTests.swift in Sources */ = {isa = PBXBuildFile; fileRef = F873DD9E2837C7F5001D7CBE /* LengthLastWordTests.swift */; };
		F873DDA12837D8C9001D7CBE /* PlusOne.swift in Sources */ = {isa = PBXBuildFile; fileRef = F873DDA02837D8C9001D7CBE /* PlusOne.swift */; };
		F873DDA32837DAA7001D7CBE /* PlusOneTests.swift in Sources */ = {isa = PBXBuildFile; fileRef = F873DDA22837DAA7001D7CBE /* PlusOneTests.swift */; };
		F88AD3E0287A0E7B00E1A340 /* Graph.swift in Sources */ = {isa = PBXBuildFile; fileRef = F88AD3DF287A0E7B00E1A340 /* Graph.swift */; };
		F88AD3E2287A141C00E1A340 /* GraphTests.swift in Sources */ = {isa = PBXBuildFile; fileRef = F88AD3E1287A141C00E1A340 /* GraphTests.swift */; };
		F88AD3E4287A1BA000E1A340 /* BreadthFirstSearch.swift in Sources */ = {isa = PBXBuildFile; fileRef = F88AD3E3287A1BA000E1A340 /* BreadthFirstSearch.swift */; };
		F88AD3E6287A1E6700E1A340 /* BreadthFirstSearchTests.swift in Sources */ = {isa = PBXBuildFile; fileRef = F88AD3E5287A1E6700E1A340 /* BreadthFirstSearchTests.swift */; };
		F8BB027E2850E22000228CD7 /* SymmetricTree.swift in Sources */ = {isa = PBXBuildFile; fileRef = F8BB027D2850E22000228CD7 /* SymmetricTree.swift */; };
		F8BB02802850E3C000228CD7 /* SymmetricTreeTests.swift in Sources */ = {isa = PBXBuildFile; fileRef = F8BB027F2850E3C000228CD7 /* SymmetricTreeTests.swift */; };
		F8BB02822850EEDC00228CD7 /* MaximumDepthBinaryTree.swift in Sources */ = {isa = PBXBuildFile; fileRef = F8BB02812850EEDC00228CD7 /* MaximumDepthBinaryTree.swift */; };
		F8BB02842850F02100228CD7 /* MaxDepthBinaryTreeTests.swift in Sources */ = {isa = PBXBuildFile; fileRef = F8BB02832850F02100228CD7 /* MaxDepthBinaryTreeTests.swift */; };
		F8CACA6428565553003F1518 /* FirstBadVersion.swift in Sources */ = {isa = PBXBuildFile; fileRef = F8CACA6328565553003F1518 /* FirstBadVersion.swift */; };
		F8CACA682856583F003F1518 /* FirstBadVersionTests.swift in Sources */ = {isa = PBXBuildFile; fileRef = F8CACA672856583F003F1518 /* FirstBadVersionTests.swift */; };
		F8CACA71285672DA003F1518 /* BinarySearchAlgo.swift in Sources */ = {isa = PBXBuildFile; fileRef = F8CACA70285672DA003F1518 /* BinarySearchAlgo.swift */; };
		F8DFC20C282E654B0016068B /* LeetCodeApp.swift in Sources */ = {isa = PBXBuildFile; fileRef = F8DFC20B282E654B0016068B /* LeetCodeApp.swift */; };
		F8DFC20E282E654B0016068B /* ContentView.swift in Sources */ = {isa = PBXBuildFile; fileRef = F8DFC20D282E654B0016068B /* ContentView.swift */; };
		F8DFC210282E654E0016068B /* Assets.xcassets in Resources */ = {isa = PBXBuildFile; fileRef = F8DFC20F282E654E0016068B /* Assets.xcassets */; };
		F8DFC213282E654E0016068B /* Preview Assets.xcassets in Resources */ = {isa = PBXBuildFile; fileRef = F8DFC212282E654E0016068B /* Preview Assets.xcassets */; };
		F8DFC220282E65610016068B /* AddTwoNumbersTests.swift in Sources */ = {isa = PBXBuildFile; fileRef = F8DFC21F282E65610016068B /* AddTwoNumbersTests.swift */; };
		F8DFC227282E657F0016068B /* AddTwoNumbers.swift in Sources */ = {isa = PBXBuildFile; fileRef = F8DFC226282E657F0016068B /* AddTwoNumbers.swift */; };
		F8DFC229282E68EB0016068B /* MultiplyStrings.swift in Sources */ = {isa = PBXBuildFile; fileRef = F8DFC228282E68EB0016068B /* MultiplyStrings.swift */; };
		F8DFC22B282E70980016068B /* MultiplyStringsTests.swift in Sources */ = {isa = PBXBuildFile; fileRef = F8DFC22A282E70980016068B /* MultiplyStringsTests.swift */; };
		F8DFC230283001F30016068B /* TwoSum.swift in Sources */ = {isa = PBXBuildFile; fileRef = F8DFC22F283001F30016068B /* TwoSum.swift */; };
		F8DFC2322830060A0016068B /* TwoSumTests.swift in Sources */ = {isa = PBXBuildFile; fileRef = F8DFC2312830060A0016068B /* TwoSumTests.swift */; };
		F8DFC23828300E020016068B /* PalindromeNumber.swift in Sources */ = {isa = PBXBuildFile; fileRef = F8DFC23728300E020016068B /* PalindromeNumber.swift */; };
		F8DFC23A28300E1F0016068B /* PalindromeNumberTests.swift in Sources */ = {isa = PBXBuildFile; fileRef = F8DFC23928300E1F0016068B /* PalindromeNumberTests.swift */; };
		F8DFC23C28300EC40016068B /* LongestCommonPrefix.swift in Sources */ = {isa = PBXBuildFile; fileRef = F8DFC23B28300EC40016068B /* LongestCommonPrefix.swift */; };
		F8DFC23E28301D720016068B /* LongestCommonPrefixTests.swift in Sources */ = {isa = PBXBuildFile; fileRef = F8DFC23D28301D720016068B /* LongestCommonPrefixTests.swift */; };
		F8F0FF0D2868EEDC00B99029 /* BestTimeStocks.swift in Sources */ = {isa = PBXBuildFile; fileRef = F8F0FF0C2868EEDC00B99029 /* BestTimeStocks.swift */; };
		F8F0FF0F2868EFE600B99029 /* BestTimeStocksTests.swift in Sources */ = {isa = PBXBuildFile; fileRef = F8F0FF0E2868EFE600B99029 /* BestTimeStocksTests.swift */; };
/* End PBXBuildFile section */

/* Begin PBXContainerItemProxy section */
		F8DFC221282E65610016068B /* PBXContainerItemProxy */ = {
			isa = PBXContainerItemProxy;
			containerPortal = F8DFC200282E654B0016068B /* Project object */;
			proxyType = 1;
			remoteGlobalIDString = F8DFC207282E654B0016068B;
			remoteInfo = LeetCode;
		};
/* End PBXContainerItemProxy section */

/* Begin PBXFileReference section */
		F80FA2AD283C19DE0017B005 /* AddBinary.swift */ = {isa = PBXFileReference; lastKnownFileType = sourcecode.swift; path = AddBinary.swift; sourceTree = "<group>"; };
		F80FA2AF283C1E190017B005 /* AddBinaryTests.swift */ = {isa = PBXFileReference; lastKnownFileType = sourcecode.swift; path = AddBinaryTests.swift; sourceTree = "<group>"; };
		F80FA2B1283C22C70017B005 /* sqrt(x).swift */ = {isa = PBXFileReference; lastKnownFileType = sourcecode.swift; path = "sqrt(x).swift"; sourceTree = "<group>"; };
		F80FA2B3283C23200017B005 /* SquareRootTests.swift */ = {isa = PBXFileReference; lastKnownFileType = sourcecode.swift; path = SquareRootTests.swift; sourceTree = "<group>"; };
		F8209FA3287DB0EB00813BDC /* GenerateParentheses.swift */ = {isa = PBXFileReference; lastKnownFileType = sourcecode.swift; path = GenerateParentheses.swift; sourceTree = "<group>"; };
		F8209FA5287DB16700813BDC /* GenerateParenthsesTests.swift */ = {isa = PBXFileReference; lastKnownFileType = sourcecode.swift; path = GenerateParenthsesTests.swift; sourceTree = "<group>"; };
		F8393994287C893200EC9C7F /* SurroundedRegions.swift */ = {isa = PBXFileReference; lastKnownFileType = sourcecode.swift; path = SurroundedRegions.swift; sourceTree = "<group>"; };
		F8393996287C991300EC9C7F /* MergeIntervals.swift */ = {isa = PBXFileReference; lastKnownFileType = sourcecode.swift; path = MergeIntervals.swift; sourceTree = "<group>"; };
		F8393998287CA13800EC9C7F /* InvertTree.swift */ = {isa = PBXFileReference; lastKnownFileType = sourcecode.swift; path = InvertTree.swift; sourceTree = "<group>"; };
		F839399A287CCC6100EC9C7F /* PalindromicSubStrings.swift */ = {isa = PBXFileReference; lastKnownFileType = sourcecode.swift; path = PalindromicSubStrings.swift; sourceTree = "<group>"; };
		F849ACCB2857BAF900961633 /* IntersactionTwoArrays.swift */ = {isa = PBXFileReference; lastKnownFileType = sourcecode.swift; path = IntersactionTwoArrays.swift; sourceTree = "<group>"; };
		F849ACCD2857BF5800961633 /* IntersactionTwoArraysTests.swift */ = {isa = PBXFileReference; lastKnownFileType = sourcecode.swift; path = IntersactionTwoArraysTests.swift; sourceTree = "<group>"; };
		F84DB2A528412FE5008D6A19 /* LinkedListCycle.swift */ = {isa = PBXFileReference; lastKnownFileType = sourcecode.swift; path = LinkedListCycle.swift; sourceTree = "<group>"; };
		F84DB2A72841380F008D6A19 /* MajorityElement.swift */ = {isa = PBXFileReference; lastKnownFileType = sourcecode.swift; path = MajorityElement.swift; sourceTree = "<group>"; };
		F84DB2A928413A2A008D6A19 /* ClimbingStairs.swift */ = {isa = PBXFileReference; lastKnownFileType = sourcecode.swift; path = ClimbingStairs.swift; sourceTree = "<group>"; };
		F84DB2AB2842A2B2008D6A19 /* Pascal's Triangle.swift */ = {isa = PBXFileReference; lastKnownFileType = sourcecode.swift; path = "Pascal's Triangle.swift"; sourceTree = "<group>"; };
		F84DB2AD2842A765008D6A19 /* BinaryTree.swift */ = {isa = PBXFileReference; lastKnownFileType = sourcecode.swift; path = BinaryTree.swift; sourceTree = "<group>"; };
		F84DB2AF2842A7D1008D6A19 /* BinaryTreeInorderTraversal.swift */ = {isa = PBXFileReference; lastKnownFileType = sourcecode.swift; path = BinaryTreeInorderTraversal.swift; sourceTree = "<group>"; };
		F84DB2B12842B2DC008D6A19 /* BTInOrderTraversal.swift */ = {isa = PBXFileReference; lastKnownFileType = sourcecode.swift; path = BTInOrderTraversal.swift; sourceTree = "<group>"; };
		F851870E284CE2AE004C05E8 /* SameTree.swift */ = {isa = PBXFileReference; lastKnownFileType = sourcecode.swift; path = SameTree.swift; sourceTree = "<group>"; };
		F8518710284CE552004C05E8 /* SameTreeTests.swift */ = {isa = PBXFileReference; lastKnownFileType = sourcecode.swift; path = SameTreeTests.swift; sourceTree = "<group>"; };
		F854A9062847EC2900CC1332 /* UniqueMeals.swift */ = {isa = PBXFileReference; lastKnownFileType = sourcecode.swift; path = UniqueMeals.swift; sourceTree = "<group>"; };
		F854A9082847EC5A00CC1332 /* UniqueMealsTests.swift */ = {isa = PBXFileReference; lastKnownFileType = sourcecode.swift; path = UniqueMealsTests.swift; sourceTree = "<group>"; };
		F854A91D2847F21900CC1332 /* ReviewStats.swift */ = {isa = PBXFileReference; lastKnownFileType = sourcecode.swift; path = ReviewStats.swift; sourceTree = "<group>"; };
		F854A91F2847F65A00CC1332 /* ReviewStatsTests.swift */ = {isa = PBXFileReference; lastKnownFileType = sourcecode.swift; path = ReviewStatsTests.swift; sourceTree = "<group>"; };
		F858A0972833AD390042BB70 /* MergeTwoSortedLists.swift */ = {isa = PBXFileReference; lastKnownFileType = sourcecode.swift; path = MergeTwoSortedLists.swift; sourceTree = "<group>"; };
		F858A0992833B2D70042BB70 /* MergeTwoSortedListsTests.swift */ = {isa = PBXFileReference; lastKnownFileType = sourcecode.swift; path = MergeTwoSortedListsTests.swift; sourceTree = "<group>"; };
		F858A09C2833B3E40042BB70 /* LinkedList.swift */ = {isa = PBXFileReference; lastKnownFileType = sourcecode.swift; path = LinkedList.swift; sourceTree = "<group>"; };
		F858A09E2836CCBA0042BB70 /* RemoveDuplicatesSortedArray.swift */ = {isa = PBXFileReference; lastKnownFileType = sourcecode.swift; path = RemoveDuplicatesSortedArray.swift; sourceTree = "<group>"; };
		F858A0A02836CE720042BB70 /* RemoveDuplicatesSortedArrayTests.swift */ = {isa = PBXFileReference; lastKnownFileType = sourcecode.swift; path = RemoveDuplicatesSortedArrayTests.swift; sourceTree = "<group>"; };
		F858A0A22836D1410042BB70 /* RemoveElement.swift */ = {isa = PBXFileReference; lastKnownFileType = sourcecode.swift; path = RemoveElement.swift; sourceTree = "<group>"; };
		F858A0A42836D2340042BB70 /* RemoveElementTests.swift */ = {isa = PBXFileReference; lastKnownFileType = sourcecode.swift; path = RemoveElementTests.swift; sourceTree = "<group>"; };
		F858A0A62836D3FD0042BB70 /* strStrMethod.swift */ = {isa = PBXFileReference; lastKnownFileType = sourcecode.swift; path = strStrMethod.swift; sourceTree = "<group>"; };
		F858A0A82836D70B0042BB70 /* strStrMethodTests.swift */ = {isa = PBXFileReference; lastKnownFileType = sourcecode.swift; path = strStrMethodTests.swift; sourceTree = "<group>"; };
		F858A0AA2836E2620042BB70 /* SearchInsertPosition.swift */ = {isa = PBXFileReference; lastKnownFileType = sourcecode.swift; path = SearchInsertPosition.swift; sourceTree = "<group>"; };
		F858A0AC2836E30B0042BB70 /* SearchInsertPositionTests.swift */ = {isa = PBXFileReference; lastKnownFileType = sourcecode.swift; path = SearchInsertPositionTests.swift; sourceTree = "<group>"; };
		F858A0B02836F29A0042BB70 /* BinarySearch.swift */ = {isa = PBXFileReference; lastKnownFileType = sourcecode.swift; path = BinarySearch.swift; sourceTree = "<group>"; };
		F858A0B42836F3AE0042BB70 /* BinarySearchTests.swift */ = {isa = PBXFileReference; lastKnownFileType = sourcecode.swift; path = BinarySearchTests.swift; sourceTree = "<group>"; };
		F859CBCB285E538300F8DEBC /* SelectionSort.swift */ = {isa = PBXFileReference; lastKnownFileType = sourcecode.swift; path = SelectionSort.swift; sourceTree = "<group>"; };
		F859CBCD285E53A600F8DEBC /* Sort.swift */ = {isa = PBXFileReference; lastKnownFileType = sourcecode.swift; path = Sort.swift; sourceTree = "<group>"; };
		F859CBCF285E560900F8DEBC /* SelectionSortTests.swift */ = {isa = PBXFileReference; lastKnownFileType = sourcecode.swift; path = SelectionSortTests.swift; sourceTree = "<group>"; };
		F85C06462832D0BA00C7C1D1 /* ValidParentheses.swift */ = {isa = PBXFileReference; lastKnownFileType = sourcecode.swift; path = ValidParentheses.swift; sourceTree = "<group>"; };
		F85C06482832DEAA00C7C1D1 /* ValidParenthesesTests.swift */ = {isa = PBXFileReference; lastKnownFileType = sourcecode.swift; path = ValidParenthesesTests.swift; sourceTree = "<group>"; };
		F873DD982837B1F3001D7CBE /* MaximumSubArray.swift */ = {isa = PBXFileReference; lastKnownFileType = sourcecode.swift; path = MaximumSubArray.swift; sourceTree = "<group>"; };
		F873DD9A2837BAA3001D7CBE /* MaxSubArrayTests.swift */ = {isa = PBXFileReference; lastKnownFileType = sourcecode.swift; path = MaxSubArrayTests.swift; sourceTree = "<group>"; };
		F873DD9C2837C664001D7CBE /* LengthLastWord.swift */ = {isa = PBXFileReference; lastKnownFileType = sourcecode.swift; path = LengthLastWord.swift; sourceTree = "<group>"; };
		F873DD9E2837C7F5001D7CBE /* LengthLastWordTests.swift */ = {isa = PBXFileReference; lastKnownFileType = sourcecode.swift; path = LengthLastWordTests.swift; sourceTree = "<group>"; };
		F873DDA02837D8C9001D7CBE /* PlusOne.swift */ = {isa = PBXFileReference; lastKnownFileType = sourcecode.swift; path = PlusOne.swift; sourceTree = "<group>"; };
		F873DDA22837DAA7001D7CBE /* PlusOneTests.swift */ = {isa = PBXFileReference; lastKnownFileType = sourcecode.swift; path = PlusOneTests.swift; sourceTree = "<group>"; };
		F88AD3DF287A0E7B00E1A340 /* Graph.swift */ = {isa = PBXFileReference; lastKnownFileType = sourcecode.swift; path = Graph.swift; sourceTree = "<group>"; };
		F88AD3E1287A141C00E1A340 /* GraphTests.swift */ = {isa = PBXFileReference; lastKnownFileType = sourcecode.swift; path = GraphTests.swift; sourceTree = "<group>"; };
		F88AD3E3287A1BA000E1A340 /* BreadthFirstSearch.swift */ = {isa = PBXFileReference; lastKnownFileType = sourcecode.swift; path = BreadthFirstSearch.swift; sourceTree = "<group>"; };
		F88AD3E5287A1E6700E1A340 /* BreadthFirstSearchTests.swift */ = {isa = PBXFileReference; lastKnownFileType = sourcecode.swift; path = BreadthFirstSearchTests.swift; sourceTree = "<group>"; };
		F8BB027D2850E22000228CD7 /* SymmetricTree.swift */ = {isa = PBXFileReference; lastKnownFileType = sourcecode.swift; path = SymmetricTree.swift; sourceTree = "<group>"; };
		F8BB027F2850E3C000228CD7 /* SymmetricTreeTests.swift */ = {isa = PBXFileReference; lastKnownFileType = sourcecode.swift; path = SymmetricTreeTests.swift; sourceTree = "<group>"; };
		F8BB02812850EEDC00228CD7 /* MaximumDepthBinaryTree.swift */ = {isa = PBXFileReference; lastKnownFileType = sourcecode.swift; path = MaximumDepthBinaryTree.swift; sourceTree = "<group>"; };
		F8BB02832850F02100228CD7 /* MaxDepthBinaryTreeTests.swift */ = {isa = PBXFileReference; lastKnownFileType = sourcecode.swift; path = MaxDepthBinaryTreeTests.swift; sourceTree = "<group>"; };
		F8CACA6328565553003F1518 /* FirstBadVersion.swift */ = {isa = PBXFileReference; lastKnownFileType = sourcecode.swift; path = FirstBadVersion.swift; sourceTree = "<group>"; };
		F8CACA672856583F003F1518 /* FirstBadVersionTests.swift */ = {isa = PBXFileReference; lastKnownFileType = sourcecode.swift; path = FirstBadVersionTests.swift; sourceTree = "<group>"; };
		F8CACA70285672DA003F1518 /* BinarySearchAlgo.swift */ = {isa = PBXFileReference; lastKnownFileType = sourcecode.swift; path = BinarySearchAlgo.swift; sourceTree = "<group>"; };
		F8DFC208282E654B0016068B /* LeetCode.app */ = {isa = PBXFileReference; explicitFileType = wrapper.application; includeInIndex = 0; path = LeetCode.app; sourceTree = BUILT_PRODUCTS_DIR; };
		F8DFC20B282E654B0016068B /* LeetCodeApp.swift */ = {isa = PBXFileReference; lastKnownFileType = sourcecode.swift; path = LeetCodeApp.swift; sourceTree = "<group>"; };
		F8DFC20D282E654B0016068B /* ContentView.swift */ = {isa = PBXFileReference; lastKnownFileType = sourcecode.swift; path = ContentView.swift; sourceTree = "<group>"; };
		F8DFC20F282E654E0016068B /* Assets.xcassets */ = {isa = PBXFileReference; lastKnownFileType = folder.assetcatalog; path = Assets.xcassets; sourceTree = "<group>"; };
		F8DFC212282E654E0016068B /* Preview Assets.xcassets */ = {isa = PBXFileReference; lastKnownFileType = folder.assetcatalog; path = "Preview Assets.xcassets"; sourceTree = "<group>"; };
		F8DFC21D282E65610016068B /* LeetCodeTests.xctest */ = {isa = PBXFileReference; explicitFileType = wrapper.cfbundle; includeInIndex = 0; path = LeetCodeTests.xctest; sourceTree = BUILT_PRODUCTS_DIR; };
		F8DFC21F282E65610016068B /* AddTwoNumbersTests.swift */ = {isa = PBXFileReference; lastKnownFileType = sourcecode.swift; path = AddTwoNumbersTests.swift; sourceTree = "<group>"; };
		F8DFC226282E657F0016068B /* AddTwoNumbers.swift */ = {isa = PBXFileReference; lastKnownFileType = sourcecode.swift; path = AddTwoNumbers.swift; sourceTree = "<group>"; };
		F8DFC228282E68EB0016068B /* MultiplyStrings.swift */ = {isa = PBXFileReference; lastKnownFileType = sourcecode.swift; path = MultiplyStrings.swift; sourceTree = "<group>"; };
		F8DFC22A282E70980016068B /* MultiplyStringsTests.swift */ = {isa = PBXFileReference; lastKnownFileType = sourcecode.swift; path = MultiplyStringsTests.swift; sourceTree = "<group>"; };
		F8DFC22F283001F30016068B /* TwoSum.swift */ = {isa = PBXFileReference; lastKnownFileType = sourcecode.swift; path = TwoSum.swift; sourceTree = "<group>"; };
		F8DFC2312830060A0016068B /* TwoSumTests.swift */ = {isa = PBXFileReference; lastKnownFileType = sourcecode.swift; path = TwoSumTests.swift; sourceTree = "<group>"; };
		F8DFC23728300E020016068B /* PalindromeNumber.swift */ = {isa = PBXFileReference; lastKnownFileType = sourcecode.swift; path = PalindromeNumber.swift; sourceTree = "<group>"; };
		F8DFC23928300E1F0016068B /* PalindromeNumberTests.swift */ = {isa = PBXFileReference; lastKnownFileType = sourcecode.swift; path = PalindromeNumberTests.swift; sourceTree = "<group>"; };
		F8DFC23B28300EC40016068B /* LongestCommonPrefix.swift */ = {isa = PBXFileReference; lastKnownFileType = sourcecode.swift; path = LongestCommonPrefix.swift; sourceTree = "<group>"; };
		F8DFC23D28301D720016068B /* LongestCommonPrefixTests.swift */ = {isa = PBXFileReference; lastKnownFileType = sourcecode.swift; path = LongestCommonPrefixTests.swift; sourceTree = "<group>"; };
		F8F0FF0C2868EEDC00B99029 /* BestTimeStocks.swift */ = {isa = PBXFileReference; lastKnownFileType = sourcecode.swift; path = BestTimeStocks.swift; sourceTree = "<group>"; };
		F8F0FF0E2868EFE600B99029 /* BestTimeStocksTests.swift */ = {isa = PBXFileReference; lastKnownFileType = sourcecode.swift; path = BestTimeStocksTests.swift; sourceTree = "<group>"; };
/* End PBXFileReference section */

/* Begin PBXFrameworksBuildPhase section */
		F8DFC205282E654B0016068B /* Frameworks */ = {
			isa = PBXFrameworksBuildPhase;
			buildActionMask = 2147483647;
			files = (
			);
			runOnlyForDeploymentPostprocessing = 0;
		};
		F8DFC21A282E65610016068B /* Frameworks */ = {
			isa = PBXFrameworksBuildPhase;
			buildActionMask = 2147483647;
			files = (
			);
			runOnlyForDeploymentPostprocessing = 0;
		};
/* End PBXFrameworksBuildPhase section */

/* Begin PBXGroup section */
		F851870D284CE24B004C05E8 /* AnotherProblems */ = {
			isa = PBXGroup;
			children = (
				F854A91D2847F21900CC1332 /* ReviewStats.swift */,
				F854A9062847EC2900CC1332 /* UniqueMeals.swift */,
			);
			path = AnotherProblems;
			sourceTree = "<group>";
		};
		F858A09B2833B3D10042BB70 /* DataStructures */ = {
			isa = PBXGroup;
			children = (
				F858A09C2833B3E40042BB70 /* LinkedList.swift */,
				F84DB2AD2842A765008D6A19 /* BinaryTree.swift */,
			);
			path = DataStructures;
			sourceTree = "<group>";
		};
		F858A0AE2836F2720042BB70 /* Algorithms */ = {
			isa = PBXGroup;
			children = (
				F858A0B02836F29A0042BB70 /* BinarySearch.swift */,
			);
			path = Algorithms;
			sourceTree = "<group>";
		};
		F858A0AF2836F27C0042BB70 /* Common */ = {
			isa = PBXGroup;
			children = (
				F859CBCA285E537500F8DEBC /* Sorting */,
				F858A09B2833B3D10042BB70 /* DataStructures */,
				F858A0AE2836F2720042BB70 /* Algorithms */,
			);
			path = Common;
			sourceTree = "<group>";
		};
		F859CBCA285E537500F8DEBC /* Sorting */ = {
			isa = PBXGroup;
			children = (
				F859CBCB285E538300F8DEBC /* SelectionSort.swift */,
				F859CBCD285E53A600F8DEBC /* Sort.swift */,
			);
			path = Sorting;
			sourceTree = "<group>";
		};
		F88AD3DE287A0E6400E1A340 /* Graph */ = {
			isa = PBXGroup;
			children = (
				F88AD3DF287A0E7B00E1A340 /* Graph.swift */,
				F88AD3E3287A1BA000E1A340 /* BreadthFirstSearch.swift */,
			);
			path = Graph;
			sourceTree = "<group>";
		};
		F8CACA6928566ED1003F1518 /* Binary Search */ = {
			isa = PBXGroup;
			children = (
				F858A0AA2836E2620042BB70 /* SearchInsertPosition.swift */,
				F80FA2B1283C22C70017B005 /* sqrt(x).swift */,
				F8CACA6328565553003F1518 /* FirstBadVersion.swift */,
				F8CACA70285672DA003F1518 /* BinarySearchAlgo.swift */,
				F849ACCB2857BAF900961633 /* IntersactionTwoArrays.swift */,
				F8393998287CA13800EC9C7F /* InvertTree.swift */,
			);
			path = "Binary Search";
			sourceTree = "<group>";
		};
		F8CACA6A28566F1E003F1518 /* Depth Search */ = {
			isa = PBXGroup;
			children = (
				F851870E284CE2AE004C05E8 /* SameTree.swift */,
				F8BB027D2850E22000228CD7 /* SymmetricTree.swift */,
				F84DB2AF2842A7D1008D6A19 /* BinaryTreeInorderTraversal.swift */,
				F8BB02812850EEDC00228CD7 /* MaximumDepthBinaryTree.swift */,
				F8393994287C893200EC9C7F /* SurroundedRegions.swift */,
			);
			path = "Depth Search";
			sourceTree = "<group>";
		};
		F8CACA6B28566F99003F1518 /* Sorting */ = {
			isa = PBXGroup;
			children = (
				F84DB2A72841380F008D6A19 /* MajorityElement.swift */,
			);
			path = Sorting;
			sourceTree = "<group>";
		};
		F8CACA6C28566FC2003F1518 /* Dynamic Programming */ = {
			isa = PBXGroup;
			children = (
				F84DB2A928413A2A008D6A19 /* ClimbingStairs.swift */,
				F873DD982837B1F3001D7CBE /* MaximumSubArray.swift */,
				F84DB2AB2842A2B2008D6A19 /* Pascal's Triangle.swift */,
				F8F0FF0C2868EEDC00B99029 /* BestTimeStocks.swift */,
			);
			path = "Dynamic Programming";
			sourceTree = "<group>";
		};
		F8CACA6D28567002003F1518 /* String */ = {
			isa = PBXGroup;
			children = (
				F8DFC23B28300EC40016068B /* LongestCommonPrefix.swift */,
				F85C06462832D0BA00C7C1D1 /* ValidParentheses.swift */,
				F858A0A62836D3FD0042BB70 /* strStrMethod.swift */,
				F873DD9C2837C664001D7CBE /* LengthLastWord.swift */,
				F80FA2AD283C19DE0017B005 /* AddBinary.swift */,
				F839399A287CCC6100EC9C7F /* PalindromicSubStrings.swift */,
				F8209FA3287DB0EB00813BDC /* GenerateParentheses.swift */,
			);
			path = String;
			sourceTree = "<group>";
		};
		F8CACA6E2856707B003F1518 /* Array */ = {
			isa = PBXGroup;
			children = (
				F8DFC22F283001F30016068B /* TwoSum.swift */,
				F858A09E2836CCBA0042BB70 /* RemoveDuplicatesSortedArray.swift */,
				F858A0A22836D1410042BB70 /* RemoveElement.swift */,
				F873DDA02837D8C9001D7CBE /* PlusOne.swift */,
				F8393996287C991300EC9C7F /* MergeIntervals.swift */,
			);
			path = Array;
			sourceTree = "<group>";
		};
		F8CACA6F285670E8003F1518 /* Linked List */ = {
			isa = PBXGroup;
			children = (
				F8DFC226282E657F0016068B /* AddTwoNumbers.swift */,
				F858A0972833AD390042BB70 /* MergeTwoSortedLists.swift */,
				F84DB2A528412FE5008D6A19 /* LinkedListCycle.swift */,
			);
			path = "Linked List";
			sourceTree = "<group>";
		};
		F8DFC1FF282E654B0016068B = {
			isa = PBXGroup;
			children = (
				F851870D284CE24B004C05E8 /* AnotherProblems */,
				F8DFC20A282E654B0016068B /* LeetCode */,
				F8DFC21E282E65610016068B /* LeetCodeTests */,
				F8DFC209282E654B0016068B /* Products */,
			);
			sourceTree = "<group>";
		};
		F8DFC209282E654B0016068B /* Products */ = {
			isa = PBXGroup;
			children = (
				F8DFC208282E654B0016068B /* LeetCode.app */,
				F8DFC21D282E65610016068B /* LeetCodeTests.xctest */,
			);
			name = Products;
			sourceTree = "<group>";
		};
		F8DFC20A282E654B0016068B /* LeetCode */ = {
			isa = PBXGroup;
			children = (
				F88AD3DE287A0E6400E1A340 /* Graph */,
				F8CACA6F285670E8003F1518 /* Linked List */,
				F8CACA6E2856707B003F1518 /* Array */,
				F8CACA6D28567002003F1518 /* String */,
				F8CACA6C28566FC2003F1518 /* Dynamic Programming */,
				F8CACA6B28566F99003F1518 /* Sorting */,
				F8CACA6A28566F1E003F1518 /* Depth Search */,
				F8CACA6928566ED1003F1518 /* Binary Search */,
				F858A0AF2836F27C0042BB70 /* Common */,
				F8DFC20B282E654B0016068B /* LeetCodeApp.swift */,
				F8DFC20D282E654B0016068B /* ContentView.swift */,
				F8DFC23728300E020016068B /* PalindromeNumber.swift */,
				F8DFC228282E68EB0016068B /* MultiplyStrings.swift */,
				F8DFC20F282E654E0016068B /* Assets.xcassets */,
				F8DFC211282E654E0016068B /* Preview Content */,
			);
			path = LeetCode;
			sourceTree = "<group>";
		};
		F8DFC211282E654E0016068B /* Preview Content */ = {
			isa = PBXGroup;
			children = (
				F8DFC212282E654E0016068B /* Preview Assets.xcassets */,
			);
			path = "Preview Content";
			sourceTree = "<group>";
		};
		F8DFC21E282E65610016068B /* LeetCodeTests */ = {
			isa = PBXGroup;
			children = (
				F8DFC21F282E65610016068B /* AddTwoNumbersTests.swift */,
				F8DFC22A282E70980016068B /* MultiplyStringsTests.swift */,
				F8DFC2312830060A0016068B /* TwoSumTests.swift */,
				F8DFC23928300E1F0016068B /* PalindromeNumberTests.swift */,
				F8DFC23D28301D720016068B /* LongestCommonPrefixTests.swift */,
				F85C06482832DEAA00C7C1D1 /* ValidParenthesesTests.swift */,
				F858A0992833B2D70042BB70 /* MergeTwoSortedListsTests.swift */,
				F858A0A02836CE720042BB70 /* RemoveDuplicatesSortedArrayTests.swift */,
				F858A0A42836D2340042BB70 /* RemoveElementTests.swift */,
				F858A0A82836D70B0042BB70 /* strStrMethodTests.swift */,
				F858A0AC2836E30B0042BB70 /* SearchInsertPositionTests.swift */,
				F858A0B42836F3AE0042BB70 /* BinarySearchTests.swift */,
				F873DD9A2837BAA3001D7CBE /* MaxSubArrayTests.swift */,
				F873DD9E2837C7F5001D7CBE /* LengthLastWordTests.swift */,
				F873DDA22837DAA7001D7CBE /* PlusOneTests.swift */,
				F80FA2AF283C1E190017B005 /* AddBinaryTests.swift */,
				F80FA2B3283C23200017B005 /* SquareRootTests.swift */,
				F84DB2B12842B2DC008D6A19 /* BTInOrderTraversal.swift */,
				F854A9082847EC5A00CC1332 /* UniqueMealsTests.swift */,
				F854A91F2847F65A00CC1332 /* ReviewStatsTests.swift */,
				F8518710284CE552004C05E8 /* SameTreeTests.swift */,
				F8BB027F2850E3C000228CD7 /* SymmetricTreeTests.swift */,
				F8BB02832850F02100228CD7 /* MaxDepthBinaryTreeTests.swift */,
				F8CACA672856583F003F1518 /* FirstBadVersionTests.swift */,
				F849ACCD2857BF5800961633 /* IntersactionTwoArraysTests.swift */,
				F859CBCF285E560900F8DEBC /* SelectionSortTests.swift */,
				F8F0FF0E2868EFE600B99029 /* BestTimeStocksTests.swift */,
				F88AD3E1287A141C00E1A340 /* GraphTests.swift */,
				F88AD3E5287A1E6700E1A340 /* BreadthFirstSearchTests.swift */,
				F8209FA5287DB16700813BDC /* GenerateParenthsesTests.swift */,
			);
			path = LeetCodeTests;
			sourceTree = "<group>";
		};
/* End PBXGroup section */

/* Begin PBXNativeTarget section */
		F8DFC207282E654B0016068B /* LeetCode */ = {
			isa = PBXNativeTarget;
			buildConfigurationList = F8DFC216282E654E0016068B /* Build configuration list for PBXNativeTarget "LeetCode" */;
			buildPhases = (
				F8DFC204282E654B0016068B /* Sources */,
				F8DFC205282E654B0016068B /* Frameworks */,
				F8DFC206282E654B0016068B /* Resources */,
			);
			buildRules = (
			);
			dependencies = (
			);
			name = LeetCode;
			productName = LeetCode;
			productReference = F8DFC208282E654B0016068B /* LeetCode.app */;
			productType = "com.apple.product-type.application";
		};
		F8DFC21C282E65610016068B /* LeetCodeTests */ = {
			isa = PBXNativeTarget;
			buildConfigurationList = F8DFC223282E65610016068B /* Build configuration list for PBXNativeTarget "LeetCodeTests" */;
			buildPhases = (
				F8DFC219282E65610016068B /* Sources */,
				F8DFC21A282E65610016068B /* Frameworks */,
				F8DFC21B282E65610016068B /* Resources */,
			);
			buildRules = (
			);
			dependencies = (
				F8DFC222282E65610016068B /* PBXTargetDependency */,
			);
			name = LeetCodeTests;
			productName = LeetCodeTests;
			productReference = F8DFC21D282E65610016068B /* LeetCodeTests.xctest */;
			productType = "com.apple.product-type.bundle.unit-test";
		};
/* End PBXNativeTarget section */

/* Begin PBXProject section */
		F8DFC200282E654B0016068B /* Project object */ = {
			isa = PBXProject;
			attributes = {
				BuildIndependentTargetsInParallel = 1;
				LastSwiftUpdateCheck = 1330;
				LastUpgradeCheck = 1330;
				TargetAttributes = {
					F8DFC207282E654B0016068B = {
						CreatedOnToolsVersion = 13.3.1;
					};
					F8DFC21C282E65610016068B = {
						CreatedOnToolsVersion = 13.3.1;
						TestTargetID = F8DFC207282E654B0016068B;
					};
				};
			};
			buildConfigurationList = F8DFC203282E654B0016068B /* Build configuration list for PBXProject "LeetCode" */;
			compatibilityVersion = "Xcode 13.0";
			developmentRegion = en;
			hasScannedForEncodings = 0;
			knownRegions = (
				en,
				Base,
			);
			mainGroup = F8DFC1FF282E654B0016068B;
			productRefGroup = F8DFC209282E654B0016068B /* Products */;
			projectDirPath = "";
			projectRoot = "";
			targets = (
				F8DFC207282E654B0016068B /* LeetCode */,
				F8DFC21C282E65610016068B /* LeetCodeTests */,
			);
		};
/* End PBXProject section */

/* Begin PBXResourcesBuildPhase section */
		F8DFC206282E654B0016068B /* Resources */ = {
			isa = PBXResourcesBuildPhase;
			buildActionMask = 2147483647;
			files = (
				F8DFC213282E654E0016068B /* Preview Assets.xcassets in Resources */,
				F8DFC210282E654E0016068B /* Assets.xcassets in Resources */,
			);
			runOnlyForDeploymentPostprocessing = 0;
		};
		F8DFC21B282E65610016068B /* Resources */ = {
			isa = PBXResourcesBuildPhase;
			buildActionMask = 2147483647;
			files = (
			);
			runOnlyForDeploymentPostprocessing = 0;
		};
/* End PBXResourcesBuildPhase section */

/* Begin PBXSourcesBuildPhase section */
		F8DFC204282E654B0016068B /* Sources */ = {
			isa = PBXSourcesBuildPhase;
			buildActionMask = 2147483647;
			files = (
				F84DB2B02842A7D1008D6A19 /* BinaryTreeInorderTraversal.swift in Sources */,
				F854A91E2847F21900CC1332 /* ReviewStats.swift in Sources */,
				F8DFC230283001F30016068B /* TwoSum.swift in Sources */,
				F8BB027E2850E22000228CD7 /* SymmetricTree.swift in Sources */,
				F858A09F2836CCBA0042BB70 /* RemoveDuplicatesSortedArray.swift in Sources */,
				F8209FA4287DB0EB00813BDC /* GenerateParentheses.swift in Sources */,
				F8CACA6428565553003F1518 /* FirstBadVersion.swift in Sources */,
				F858A0A32836D1410042BB70 /* RemoveElement.swift in Sources */,
				F80FA2B2283C22C70017B005 /* sqrt(x).swift in Sources */,
				F851870F284CE2AE004C05E8 /* SameTree.swift in Sources */,
				F859CBCC285E538300F8DEBC /* SelectionSort.swift in Sources */,
				F858A0AB2836E2620042BB70 /* SearchInsertPosition.swift in Sources */,
				F8DFC23828300E020016068B /* PalindromeNumber.swift in Sources */,
				F858A09D2833B3E40042BB70 /* LinkedList.swift in Sources */,
				F8DFC227282E657F0016068B /* AddTwoNumbers.swift in Sources */,
				F839399B287CCC6100EC9C7F /* PalindromicSubStrings.swift in Sources */,
				F88AD3E4287A1BA000E1A340 /* BreadthFirstSearch.swift in Sources */,
				F873DD992837B1F3001D7CBE /* MaximumSubArray.swift in Sources */,
				F8CACA71285672DA003F1518 /* BinarySearchAlgo.swift in Sources */,
				F84DB2AA28413A2A008D6A19 /* ClimbingStairs.swift in Sources */,
				F858A0A72836D3FD0042BB70 /* strStrMethod.swift in Sources */,
				F849ACCC2857BAF900961633 /* IntersactionTwoArrays.swift in Sources */,
				F85C06472832D0BA00C7C1D1 /* ValidParentheses.swift in Sources */,
				F8393999287CA13800EC9C7F /* InvertTree.swift in Sources */,
				F8F0FF0D2868EEDC00B99029 /* BestTimeStocks.swift in Sources */,
				F84DB2AE2842A765008D6A19 /* BinaryTree.swift in Sources */,
				F84DB2A82841380F008D6A19 /* MajorityElement.swift in Sources */,
				F858A0982833AD390042BB70 /* MergeTwoSortedLists.swift in Sources */,
				F8DFC23C28300EC40016068B /* LongestCommonPrefix.swift in Sources */,
				F8DFC20E282E654B0016068B /* ContentView.swift in Sources */,
				F8DFC229282E68EB0016068B /* MultiplyStrings.swift in Sources */,
				F8393995287C893200EC9C7F /* SurroundedRegions.swift in Sources */,
				F8BB02822850EEDC00228CD7 /* MaximumDepthBinaryTree.swift in Sources */,
				F8DFC20C282E654B0016068B /* LeetCodeApp.swift in Sources */,
				F854A9072847EC2900CC1332 /* UniqueMeals.swift in Sources */,
				F859CBCE285E53A600F8DEBC /* Sort.swift in Sources */,
				F858A0B12836F29A0042BB70 /* BinarySearch.swift in Sources */,
				F80FA2AE283C19DE0017B005 /* AddBinary.swift in Sources */,
				F8393997287C991300EC9C7F /* MergeIntervals.swift in Sources */,
				F873DDA12837D8C9001D7CBE /* PlusOne.swift in Sources */,
				F84DB2A628412FE5008D6A19 /* LinkedListCycle.swift in Sources */,
				F84DB2AC2842A2B2008D6A19 /* Pascal's Triangle.swift in Sources */,
				F88AD3E0287A0E7B00E1A340 /* Graph.swift in Sources */,
				F873DD9D2837C664001D7CBE /* LengthLastWord.swift in Sources */,
			);
			runOnlyForDeploymentPostprocessing = 0;
		};
		F8DFC219282E65610016068B /* Sources */ = {
			isa = PBXSourcesBuildPhase;
			buildActionMask = 2147483647;
			files = (
				F8518711284CE552004C05E8 /* SameTreeTests.swift in Sources */,
				F80FA2B0283C1E190017B005 /* AddBinaryTests.swift in Sources */,
				F859CBD0285E560900F8DEBC /* SelectionSortTests.swift in Sources */,
				F854A9202847F65A00CC1332 /* ReviewStatsTests.swift in Sources */,
				F858A0A92836D70B0042BB70 /* strStrMethodTests.swift in Sources */,
				F858A0A12836CE720042BB70 /* RemoveDuplicatesSortedArrayTests.swift in Sources */,
				F8CACA682856583F003F1518 /* FirstBadVersionTests.swift in Sources */,
				F88AD3E6287A1E6700E1A340 /* BreadthFirstSearchTests.swift in Sources */,
				F858A0A52836D2340042BB70 /* RemoveElementTests.swift in Sources */,
				F8DFC22B282E70980016068B /* MultiplyStringsTests.swift in Sources */,
				F8BB02802850E3C000228CD7 /* SymmetricTreeTests.swift in Sources */,
				F858A0B52836F3AE0042BB70 /* BinarySearchTests.swift in Sources */,
				F8F0FF0F2868EFE600B99029 /* BestTimeStocksTests.swift in Sources */,
				F8209FA6287DB16700813BDC /* GenerateParenthsesTests.swift in Sources */,
				F8BB02842850F02100228CD7 /* MaxDepthBinaryTreeTests.swift in Sources */,
				F873DD9F2837C7F5001D7CBE /* LengthLastWordTests.swift in Sources */,
				F8DFC23E28301D720016068B /* LongestCommonPrefixTests.swift in Sources */,
				F8DFC23A28300E1F0016068B /* PalindromeNumberTests.swift in Sources */,
				F858A09A2833B2D70042BB70 /* MergeTwoSortedListsTests.swift in Sources */,
				F84DB2B22842B2DC008D6A19 /* BTInOrderTraversal.swift in Sources */,
				F85C06492832DEAA00C7C1D1 /* ValidParenthesesTests.swift in Sources */,
				F8DFC220282E65610016068B /* AddTwoNumbersTests.swift in Sources */,
				F88AD3E2287A141C00E1A340 /* GraphTests.swift in Sources */,
				F854A9092847EC5A00CC1332 /* UniqueMealsTests.swift in Sources */,
				F873DD9B2837BAA3001D7CBE /* MaxSubArrayTests.swift in Sources */,
				F849ACCE2857BF5800961633 /* IntersactionTwoArraysTests.swift in Sources */,
				F873DDA32837DAA7001D7CBE /* PlusOneTests.swift in Sources */,
				F858A0AD2836E30B0042BB70 /* SearchInsertPositionTests.swift in Sources */,
				F80FA2B4283C23200017B005 /* SquareRootTests.swift in Sources */,
				F8DFC2322830060A0016068B /* TwoSumTests.swift in Sources */,
			);
			runOnlyForDeploymentPostprocessing = 0;
		};
/* End PBXSourcesBuildPhase section */

/* Begin PBXTargetDependency section */
		F8DFC222282E65610016068B /* PBXTargetDependency */ = {
			isa = PBXTargetDependency;
			target = F8DFC207282E654B0016068B /* LeetCode */;
			targetProxy = F8DFC221282E65610016068B /* PBXContainerItemProxy */;
		};
/* End PBXTargetDependency section */

/* Begin XCBuildConfiguration section */
		F8DFC214282E654E0016068B /* Debug */ = {
			isa = XCBuildConfiguration;
			buildSettings = {
				ALWAYS_SEARCH_USER_PATHS = NO;
				CLANG_ANALYZER_NONNULL = YES;
				CLANG_ANALYZER_NUMBER_OBJECT_CONVERSION = YES_AGGRESSIVE;
				CLANG_CXX_LANGUAGE_STANDARD = "gnu++17";
				CLANG_ENABLE_MODULES = YES;
				CLANG_ENABLE_OBJC_ARC = YES;
				CLANG_ENABLE_OBJC_WEAK = YES;
				CLANG_WARN_BLOCK_CAPTURE_AUTORELEASING = YES;
				CLANG_WARN_BOOL_CONVERSION = YES;
				CLANG_WARN_COMMA = YES;
				CLANG_WARN_CONSTANT_CONVERSION = YES;
				CLANG_WARN_DEPRECATED_OBJC_IMPLEMENTATIONS = YES;
				CLANG_WARN_DIRECT_OBJC_ISA_USAGE = YES_ERROR;
				CLANG_WARN_DOCUMENTATION_COMMENTS = YES;
				CLANG_WARN_EMPTY_BODY = YES;
				CLANG_WARN_ENUM_CONVERSION = YES;
				CLANG_WARN_INFINITE_RECURSION = YES;
				CLANG_WARN_INT_CONVERSION = YES;
				CLANG_WARN_NON_LITERAL_NULL_CONVERSION = YES;
				CLANG_WARN_OBJC_IMPLICIT_RETAIN_SELF = YES;
				CLANG_WARN_OBJC_LITERAL_CONVERSION = YES;
				CLANG_WARN_OBJC_ROOT_CLASS = YES_ERROR;
				CLANG_WARN_QUOTED_INCLUDE_IN_FRAMEWORK_HEADER = YES;
				CLANG_WARN_RANGE_LOOP_ANALYSIS = YES;
				CLANG_WARN_STRICT_PROTOTYPES = YES;
				CLANG_WARN_SUSPICIOUS_MOVE = YES;
				CLANG_WARN_UNGUARDED_AVAILABILITY = YES_AGGRESSIVE;
				CLANG_WARN_UNREACHABLE_CODE = YES;
				CLANG_WARN__DUPLICATE_METHOD_MATCH = YES;
				COPY_PHASE_STRIP = NO;
				DEBUG_INFORMATION_FORMAT = dwarf;
				ENABLE_STRICT_OBJC_MSGSEND = YES;
				ENABLE_TESTABILITY = YES;
				GCC_C_LANGUAGE_STANDARD = gnu11;
				GCC_DYNAMIC_NO_PIC = NO;
				GCC_NO_COMMON_BLOCKS = YES;
				GCC_OPTIMIZATION_LEVEL = 0;
				GCC_PREPROCESSOR_DEFINITIONS = (
					"DEBUG=1",
					"$(inherited)",
				);
				GCC_WARN_64_TO_32_BIT_CONVERSION = YES;
				GCC_WARN_ABOUT_RETURN_TYPE = YES_ERROR;
				GCC_WARN_UNDECLARED_SELECTOR = YES;
				GCC_WARN_UNINITIALIZED_AUTOS = YES_AGGRESSIVE;
				GCC_WARN_UNUSED_FUNCTION = YES;
				GCC_WARN_UNUSED_VARIABLE = YES;
				IPHONEOS_DEPLOYMENT_TARGET = 15.4;
				MTL_ENABLE_DEBUG_INFO = INCLUDE_SOURCE;
				MTL_FAST_MATH = YES;
				ONLY_ACTIVE_ARCH = YES;
				SDKROOT = iphoneos;
				SWIFT_ACTIVE_COMPILATION_CONDITIONS = DEBUG;
				SWIFT_OPTIMIZATION_LEVEL = "-Onone";
			};
			name = Debug;
		};
		F8DFC215282E654E0016068B /* Release */ = {
			isa = XCBuildConfiguration;
			buildSettings = {
				ALWAYS_SEARCH_USER_PATHS = NO;
				CLANG_ANALYZER_NONNULL = YES;
				CLANG_ANALYZER_NUMBER_OBJECT_CONVERSION = YES_AGGRESSIVE;
				CLANG_CXX_LANGUAGE_STANDARD = "gnu++17";
				CLANG_ENABLE_MODULES = YES;
				CLANG_ENABLE_OBJC_ARC = YES;
				CLANG_ENABLE_OBJC_WEAK = YES;
				CLANG_WARN_BLOCK_CAPTURE_AUTORELEASING = YES;
				CLANG_WARN_BOOL_CONVERSION = YES;
				CLANG_WARN_COMMA = YES;
				CLANG_WARN_CONSTANT_CONVERSION = YES;
				CLANG_WARN_DEPRECATED_OBJC_IMPLEMENTATIONS = YES;
				CLANG_WARN_DIRECT_OBJC_ISA_USAGE = YES_ERROR;
				CLANG_WARN_DOCUMENTATION_COMMENTS = YES;
				CLANG_WARN_EMPTY_BODY = YES;
				CLANG_WARN_ENUM_CONVERSION = YES;
				CLANG_WARN_INFINITE_RECURSION = YES;
				CLANG_WARN_INT_CONVERSION = YES;
				CLANG_WARN_NON_LITERAL_NULL_CONVERSION = YES;
				CLANG_WARN_OBJC_IMPLICIT_RETAIN_SELF = YES;
				CLANG_WARN_OBJC_LITERAL_CONVERSION = YES;
				CLANG_WARN_OBJC_ROOT_CLASS = YES_ERROR;
				CLANG_WARN_QUOTED_INCLUDE_IN_FRAMEWORK_HEADER = YES;
				CLANG_WARN_RANGE_LOOP_ANALYSIS = YES;
				CLANG_WARN_STRICT_PROTOTYPES = YES;
				CLANG_WARN_SUSPICIOUS_MOVE = YES;
				CLANG_WARN_UNGUARDED_AVAILABILITY = YES_AGGRESSIVE;
				CLANG_WARN_UNREACHABLE_CODE = YES;
				CLANG_WARN__DUPLICATE_METHOD_MATCH = YES;
				COPY_PHASE_STRIP = NO;
				DEBUG_INFORMATION_FORMAT = "dwarf-with-dsym";
				ENABLE_NS_ASSERTIONS = NO;
				ENABLE_STRICT_OBJC_MSGSEND = YES;
				GCC_C_LANGUAGE_STANDARD = gnu11;
				GCC_NO_COMMON_BLOCKS = YES;
				GCC_WARN_64_TO_32_BIT_CONVERSION = YES;
				GCC_WARN_ABOUT_RETURN_TYPE = YES_ERROR;
				GCC_WARN_UNDECLARED_SELECTOR = YES;
				GCC_WARN_UNINITIALIZED_AUTOS = YES_AGGRESSIVE;
				GCC_WARN_UNUSED_FUNCTION = YES;
				GCC_WARN_UNUSED_VARIABLE = YES;
				IPHONEOS_DEPLOYMENT_TARGET = 15.4;
				MTL_ENABLE_DEBUG_INFO = NO;
				MTL_FAST_MATH = YES;
				SDKROOT = iphoneos;
				SWIFT_COMPILATION_MODE = wholemodule;
				SWIFT_OPTIMIZATION_LEVEL = "-O";
				VALIDATE_PRODUCT = YES;
			};
			name = Release;
		};
		F8DFC217282E654E0016068B /* Debug */ = {
			isa = XCBuildConfiguration;
			buildSettings = {
				ASSETCATALOG_COMPILER_APPICON_NAME = AppIcon;
				ASSETCATALOG_COMPILER_GLOBAL_ACCENT_COLOR_NAME = AccentColor;
				CODE_SIGN_STYLE = Automatic;
				CURRENT_PROJECT_VERSION = 1;
				DEVELOPMENT_ASSET_PATHS = "\"LeetCode/Preview Content\"";
				DEVELOPMENT_TEAM = F6WH3S8GMZ;
				ENABLE_PREVIEWS = YES;
				GENERATE_INFOPLIST_FILE = YES;
				INFOPLIST_KEY_UIApplicationSceneManifest_Generation = YES;
				INFOPLIST_KEY_UIApplicationSupportsIndirectInputEvents = YES;
				INFOPLIST_KEY_UILaunchScreen_Generation = YES;
				INFOPLIST_KEY_UISupportedInterfaceOrientations_iPad = "UIInterfaceOrientationPortrait UIInterfaceOrientationPortraitUpsideDown UIInterfaceOrientationLandscapeLeft UIInterfaceOrientationLandscapeRight";
				INFOPLIST_KEY_UISupportedInterfaceOrientations_iPhone = "UIInterfaceOrientationPortrait UIInterfaceOrientationLandscapeLeft UIInterfaceOrientationLandscapeRight";
				LD_RUNPATH_SEARCH_PATHS = (
					"$(inherited)",
					"@executable_path/Frameworks",
				);
				MARKETING_VERSION = 1.0;
				PRODUCT_BUNDLE_IDENTIFIER = co.MarinaRiad.LeetCode;
				PRODUCT_NAME = "$(TARGET_NAME)";
				SWIFT_EMIT_LOC_STRINGS = YES;
				SWIFT_VERSION = 5.0;
				TARGETED_DEVICE_FAMILY = "1,2";
			};
			name = Debug;
		};
		F8DFC218282E654E0016068B /* Release */ = {
			isa = XCBuildConfiguration;
			buildSettings = {
				ASSETCATALOG_COMPILER_APPICON_NAME = AppIcon;
				ASSETCATALOG_COMPILER_GLOBAL_ACCENT_COLOR_NAME = AccentColor;
				CODE_SIGN_STYLE = Automatic;
				CURRENT_PROJECT_VERSION = 1;
				DEVELOPMENT_ASSET_PATHS = "\"LeetCode/Preview Content\"";
				DEVELOPMENT_TEAM = F6WH3S8GMZ;
				ENABLE_PREVIEWS = YES;
				GENERATE_INFOPLIST_FILE = YES;
				INFOPLIST_KEY_UIApplicationSceneManifest_Generation = YES;
				INFOPLIST_KEY_UIApplicationSupportsIndirectInputEvents = YES;
				INFOPLIST_KEY_UILaunchScreen_Generation = YES;
				INFOPLIST_KEY_UISupportedInterfaceOrientations_iPad = "UIInterfaceOrientationPortrait UIInterfaceOrientationPortraitUpsideDown UIInterfaceOrientationLandscapeLeft UIInterfaceOrientationLandscapeRight";
				INFOPLIST_KEY_UISupportedInterfaceOrientations_iPhone = "UIInterfaceOrientationPortrait UIInterfaceOrientationLandscapeLeft UIInterfaceOrientationLandscapeRight";
				LD_RUNPATH_SEARCH_PATHS = (
					"$(inherited)",
					"@executable_path/Frameworks",
				);
				MARKETING_VERSION = 1.0;
				PRODUCT_BUNDLE_IDENTIFIER = co.MarinaRiad.LeetCode;
				PRODUCT_NAME = "$(TARGET_NAME)";
				SWIFT_EMIT_LOC_STRINGS = YES;
				SWIFT_VERSION = 5.0;
				TARGETED_DEVICE_FAMILY = "1,2";
			};
			name = Release;
		};
		F8DFC224282E65610016068B /* Debug */ = {
			isa = XCBuildConfiguration;
			buildSettings = {
				BUNDLE_LOADER = "$(TEST_HOST)";
				CODE_SIGN_STYLE = Automatic;
				CURRENT_PROJECT_VERSION = 1;
				DEVELOPMENT_TEAM = F6WH3S8GMZ;
				GENERATE_INFOPLIST_FILE = YES;
				MARKETING_VERSION = 1.0;
				PRODUCT_BUNDLE_IDENTIFIER = co.MarinaRiad.LeetCodeTests;
				PRODUCT_NAME = "$(TARGET_NAME)";
				SWIFT_EMIT_LOC_STRINGS = NO;
				SWIFT_VERSION = 5.0;
				TARGETED_DEVICE_FAMILY = "1,2";
				TEST_HOST = "$(BUILT_PRODUCTS_DIR)/LeetCode.app/LeetCode";
			};
			name = Debug;
		};
		F8DFC225282E65610016068B /* Release */ = {
			isa = XCBuildConfiguration;
			buildSettings = {
				BUNDLE_LOADER = "$(TEST_HOST)";
				CODE_SIGN_STYLE = Automatic;
				CURRENT_PROJECT_VERSION = 1;
				DEVELOPMENT_TEAM = F6WH3S8GMZ;
				GENERATE_INFOPLIST_FILE = YES;
				MARKETING_VERSION = 1.0;
				PRODUCT_BUNDLE_IDENTIFIER = co.MarinaRiad.LeetCodeTests;
				PRODUCT_NAME = "$(TARGET_NAME)";
				SWIFT_EMIT_LOC_STRINGS = NO;
				SWIFT_VERSION = 5.0;
				TARGETED_DEVICE_FAMILY = "1,2";
				TEST_HOST = "$(BUILT_PRODUCTS_DIR)/LeetCode.app/LeetCode";
			};
			name = Release;
		};
/* End XCBuildConfiguration section */

/* Begin XCConfigurationList section */
		F8DFC203282E654B0016068B /* Build configuration list for PBXProject "LeetCode" */ = {
			isa = XCConfigurationList;
			buildConfigurations = (
				F8DFC214282E654E0016068B /* Debug */,
				F8DFC215282E654E0016068B /* Release */,
			);
			defaultConfigurationIsVisible = 0;
			defaultConfigurationName = Release;
		};
		F8DFC216282E654E0016068B /* Build configuration list for PBXNativeTarget "LeetCode" */ = {
			isa = XCConfigurationList;
			buildConfigurations = (
				F8DFC217282E654E0016068B /* Debug */,
				F8DFC218282E654E0016068B /* Release */,
			);
			defaultConfigurationIsVisible = 0;
			defaultConfigurationName = Release;
		};
		F8DFC223282E65610016068B /* Build configuration list for PBXNativeTarget "LeetCodeTests" */ = {
			isa = XCConfigurationList;
			buildConfigurations = (
				F8DFC224282E65610016068B /* Debug */,
				F8DFC225282E65610016068B /* Release */,
			);
			defaultConfigurationIsVisible = 0;
			defaultConfigurationName = Release;
		};
/* End XCConfigurationList section */
	};
	rootObject = F8DFC200282E654B0016068B /* Project object */;
}
