// !$*UTF8*$!
{
	archiveVersion = 1;
	classes = {
	};
	objectVersion = 55;
	objects = {

/* Begin PBXBuildFile section */
		F85C06472832D0BA00C7C1D1 /* ValidParentheses.swift in Sources */ = {isa = PBXBuildFile; fileRef = F85C06462832D0BA00C7C1D1 /* ValidParentheses.swift */; };
		F85C06492832DEAA00C7C1D1 /* ValidParenthesesTests.swift in Sources */ = {isa = PBXBuildFile; fileRef = F85C06482832DEAA00C7C1D1 /* ValidParenthesesTests.swift */; };
		F8DFC20C282E654B0016068B /* LeetCodeApp.swift in Sources */ = {isa = PBXBuildFile; fileRef = F8DFC20B282E654B0016068B /* LeetCodeApp.swift */; };
		F8DFC20E282E654B0016068B /* ContentView.swift in Sources */ = {isa = PBXBuildFile; fileRef = F8DFC20D282E654B0016068B /* ContentView.swift */; };
		F8DFC210282E654E0016068B /* Assets.xcassets in Resources */ = {isa = PBXBuildFile; fileRef = F8DFC20F282E654E0016068B /* Assets.xcassets */; };
		F8DFC213282E654E0016068B /* Preview Assets.xcassets in Resources */ = {isa = PBXBuildFile; fileRef = F8DFC212282E654E0016068B /* Preview Assets.xcassets */; };
		F8DFC220282E65610016068B /* AddTwoNumbersTests.swift in Sources */ = {isa = PBXBuildFile; fileRef = F8DFC21F282E65610016068B /* AddTwoNumbersTests.swift */; };
		F8DFC227282E657F0016068B /* AddTwoNumbers.swift in Sources */ = {isa = PBXBuildFile; fileRef = F8DFC226282E657F0016068B /* AddTwoNumbers.swift */; };
		F8DFC229282E68EB0016068B /* MultiplyStrings.swift in Sources */ = {isa = PBXBuildFile; fileRef = F8DFC228282E68EB0016068B /* MultiplyStrings.swift */; };
		F8DFC22B282E70980016068B /* MultiplyStringsTests.swift in Sources */ = {isa = PBXBuildFile; fileRef = F8DFC22A282E70980016068B /* MultiplyStringsTests.swift */; };
		F8DFC230283001F30016068B /* TwoSum.swift in Sources */ = {isa = PBXBuildFile; fileRef = F8DFC22F283001F30016068B /* TwoSum.swift */; };
		F8DFC2322830060A0016068B /* TwoSumTests.swift in Sources */ = {isa = PBXBuildFile; fileRef = F8DFC2312830060A0016068B /* TwoSumTests.swift */; };
		F8DFC23828300E020016068B /* PalindromeNumber.swift in Sources */ = {isa = PBXBuildFile; fileRef = F8DFC23728300E020016068B /* PalindromeNumber.swift */; };
		F8DFC23A28300E1F0016068B /* PalindromeNumberTests.swift in Sources */ = {isa = PBXBuildFile; fileRef = F8DFC23928300E1F0016068B /* PalindromeNumberTests.swift */; };
		F8DFC23C28300EC40016068B /* LongestCommonPrefix.swift in Sources */ = {isa = PBXBuildFile; fileRef = F8DFC23B28300EC40016068B /* LongestCommonPrefix.swift */; };
		F8DFC23E28301D720016068B /* LongestCommonPrefixTests.swift in Sources */ = {isa = PBXBuildFile; fileRef = F8DFC23D28301D720016068B /* LongestCommonPrefixTests.swift */; };
/* End PBXBuildFile section */

/* Begin PBXContainerItemProxy section */
		F8DFC221282E65610016068B /* PBXContainerItemProxy */ = {
			isa = PBXContainerItemProxy;
			containerPortal = F8DFC200282E654B0016068B /* Project object */;
			proxyType = 1;
			remoteGlobalIDString = F8DFC207282E654B0016068B;
			remoteInfo = LeetCode;
		};
/* End PBXContainerItemProxy section */

/* Begin PBXFileReference section */
		F85C06462832D0BA00C7C1D1 /* ValidParentheses.swift */ = {isa = PBXFileReference; lastKnownFileType = sourcecode.swift; path = ValidParentheses.swift; sourceTree = "<group>"; };
		F85C06482832DEAA00C7C1D1 /* ValidParenthesesTests.swift */ = {isa = PBXFileReference; lastKnownFileType = sourcecode.swift; path = ValidParenthesesTests.swift; sourceTree = "<group>"; };
		F8DFC208282E654B0016068B /* LeetCode.app */ = {isa = PBXFileReference; explicitFileType = wrapper.application; includeInIndex = 0; path = LeetCode.app; sourceTree = BUILT_PRODUCTS_DIR; };
		F8DFC20B282E654B0016068B /* LeetCodeApp.swift */ = {isa = PBXFileReference; lastKnownFileType = sourcecode.swift; path = LeetCodeApp.swift; sourceTree = "<group>"; };
		F8DFC20D282E654B0016068B /* ContentView.swift */ = {isa = PBXFileReference; lastKnownFileType = sourcecode.swift; path = ContentView.swift; sourceTree = "<group>"; };
		F8DFC20F282E654E0016068B /* Assets.xcassets */ = {isa = PBXFileReference; lastKnownFileType = folder.assetcatalog; path = Assets.xcassets; sourceTree = "<group>"; };
		F8DFC212282E654E0016068B /* Preview Assets.xcassets */ = {isa = PBXFileReference; lastKnownFileType = folder.assetcatalog; path = "Preview Assets.xcassets"; sourceTree = "<group>"; };
		F8DFC21D282E65610016068B /* LeetCodeTests.xctest */ = {isa = PBXFileReference; explicitFileType = wrapper.cfbundle; includeInIndex = 0; path = LeetCodeTests.xctest; sourceTree = BUILT_PRODUCTS_DIR; };
		F8DFC21F282E65610016068B /* AddTwoNumbersTests.swift */ = {isa = PBXFileReference; lastKnownFileType = sourcecode.swift; path = AddTwoNumbersTests.swift; sourceTree = "<group>"; };
		F8DFC226282E657F0016068B /* AddTwoNumbers.swift */ = {isa = PBXFileReference; lastKnownFileType = sourcecode.swift; path = AddTwoNumbers.swift; sourceTree = "<group>"; };
		F8DFC228282E68EB0016068B /* MultiplyStrings.swift */ = {isa = PBXFileReference; lastKnownFileType = sourcecode.swift; path = MultiplyStrings.swift; sourceTree = "<group>"; };
		F8DFC22A282E70980016068B /* MultiplyStringsTests.swift */ = {isa = PBXFileReference; lastKnownFileType = sourcecode.swift; path = MultiplyStringsTests.swift; sourceTree = "<group>"; };
		F8DFC22F283001F30016068B /* TwoSum.swift */ = {isa = PBXFileReference; lastKnownFileType = sourcecode.swift; path = TwoSum.swift; sourceTree = "<group>"; };
		F8DFC2312830060A0016068B /* TwoSumTests.swift */ = {isa = PBXFileReference; lastKnownFileType = sourcecode.swift; path = TwoSumTests.swift; sourceTree = "<group>"; };
		F8DFC23728300E020016068B /* PalindromeNumber.swift */ = {isa = PBXFileReference; lastKnownFileType = sourcecode.swift; path = PalindromeNumber.swift; sourceTree = "<group>"; };
		F8DFC23928300E1F0016068B /* PalindromeNumberTests.swift */ = {isa = PBXFileReference; lastKnownFileType = sourcecode.swift; path = PalindromeNumberTests.swift; sourceTree = "<group>"; };
		F8DFC23B28300EC40016068B /* LongestCommonPrefix.swift */ = {isa = PBXFileReference; lastKnownFileType = sourcecode.swift; path = LongestCommonPrefix.swift; sourceTree = "<group>"; };
		F8DFC23D28301D720016068B /* LongestCommonPrefixTests.swift */ = {isa = PBXFileReference; lastKnownFileType = sourcecode.swift; path = LongestCommonPrefixTests.swift; sourceTree = "<group>"; };
/* End PBXFileReference section */

/* Begin PBXFrameworksBuildPhase section */
		F8DFC205282E654B0016068B /* Frameworks */ = {
			isa = PBXFrameworksBuildPhase;
			buildActionMask = 2147483647;
			files = (
			);
			runOnlyForDeploymentPostprocessing = 0;
		};
		F8DFC21A282E65610016068B /* Frameworks */ = {
			isa = PBXFrameworksBuildPhase;
			buildActionMask = 2147483647;
			files = (
			);
			runOnlyForDeploymentPostprocessing = 0;
		};
/* End PBXFrameworksBuildPhase section */

/* Begin PBXGroup section */
		F8DFC1FF282E654B0016068B = {
			isa = PBXGroup;
			children = (
				F8DFC20A282E654B0016068B /* LeetCode */,
				F8DFC21E282E65610016068B /* LeetCodeTests */,
				F8DFC209282E654B0016068B /* Products */,
			);
			sourceTree = "<group>";
		};
		F8DFC209282E654B0016068B /* Products */ = {
			isa = PBXGroup;
			children = (
				F8DFC208282E654B0016068B /* LeetCode.app */,
				F8DFC21D282E65610016068B /* LeetCodeTests.xctest */,
			);
			name = Products;
			sourceTree = "<group>";
		};
		F8DFC20A282E654B0016068B /* LeetCode */ = {
			isa = PBXGroup;
			children = (
				F8DFC20B282E654B0016068B /* LeetCodeApp.swift */,
				F8DFC20D282E654B0016068B /* ContentView.swift */,
				F8DFC22F283001F30016068B /* TwoSum.swift */,
				F8DFC23728300E020016068B /* PalindromeNumber.swift */,
				F8DFC226282E657F0016068B /* AddTwoNumbers.swift */,
				F8DFC228282E68EB0016068B /* MultiplyStrings.swift */,
				F8DFC23B28300EC40016068B /* LongestCommonPrefix.swift */,
				F85C06462832D0BA00C7C1D1 /* ValidParentheses.swift */,
				F8DFC20F282E654E0016068B /* Assets.xcassets */,
				F8DFC211282E654E0016068B /* Preview Content */,
			);
			path = LeetCode;
			sourceTree = "<group>";
		};
		F8DFC211282E654E0016068B /* Preview Content */ = {
			isa = PBXGroup;
			children = (
				F8DFC212282E654E0016068B /* Preview Assets.xcassets */,
			);
			path = "Preview Content";
			sourceTree = "<group>";
		};
		F8DFC21E282E65610016068B /* LeetCodeTests */ = {
			isa = PBXGroup;
			children = (
				F8DFC21F282E65610016068B /* AddTwoNumbersTests.swift */,
				F8DFC22A282E70980016068B /* MultiplyStringsTests.swift */,
				F8DFC2312830060A0016068B /* TwoSumTests.swift */,
				F8DFC23928300E1F0016068B /* PalindromeNumberTests.swift */,
				F8DFC23D28301D720016068B /* LongestCommonPrefixTests.swift */,
				F85C06482832DEAA00C7C1D1 /* ValidParenthesesTests.swift */,
			);
			path = LeetCodeTests;
			sourceTree = "<group>";
		};
/* End PBXGroup section */

/* Begin PBXNativeTarget section */
		F8DFC207282E654B0016068B /* LeetCode */ = {
			isa = PBXNativeTarget;
			buildConfigurationList = F8DFC216282E654E0016068B /* Build configuration list for PBXNativeTarget "LeetCode" */;
			buildPhases = (
				F8DFC204282E654B0016068B /* Sources */,
				F8DFC205282E654B0016068B /* Frameworks */,
				F8DFC206282E654B0016068B /* Resources */,
			);
			buildRules = (
			);
			dependencies = (
			);
			name = LeetCode;
			productName = LeetCode;
			productReference = F8DFC208282E654B0016068B /* LeetCode.app */;
			productType = "com.apple.product-type.application";
		};
		F8DFC21C282E65610016068B /* LeetCodeTests */ = {
			isa = PBXNativeTarget;
			buildConfigurationList = F8DFC223282E65610016068B /* Build configuration list for PBXNativeTarget "LeetCodeTests" */;
			buildPhases = (
				F8DFC219282E65610016068B /* Sources */,
				F8DFC21A282E65610016068B /* Frameworks */,
				F8DFC21B282E65610016068B /* Resources */,
			);
			buildRules = (
			);
			dependencies = (
				F8DFC222282E65610016068B /* PBXTargetDependency */,
			);
			name = LeetCodeTests;
			productName = LeetCodeTests;
			productReference = F8DFC21D282E65610016068B /* LeetCodeTests.xctest */;
			productType = "com.apple.product-type.bundle.unit-test";
		};
/* End PBXNativeTarget section */

/* Begin PBXProject section */
		F8DFC200282E654B0016068B /* Project object */ = {
			isa = PBXProject;
			attributes = {
				BuildIndependentTargetsInParallel = 1;
				LastSwiftUpdateCheck = 1330;
				LastUpgradeCheck = 1330;
				TargetAttributes = {
					F8DFC207282E654B0016068B = {
						CreatedOnToolsVersion = 13.3.1;
					};
					F8DFC21C282E65610016068B = {
						CreatedOnToolsVersion = 13.3.1;
						TestTargetID = F8DFC207282E654B0016068B;
					};
				};
			};
			buildConfigurationList = F8DFC203282E654B0016068B /* Build configuration list for PBXProject "LeetCode" */;
			compatibilityVersion = "Xcode 13.0";
			developmentRegion = en;
			hasScannedForEncodings = 0;
			knownRegions = (
				en,
				Base,
			);
			mainGroup = F8DFC1FF282E654B0016068B;
			productRefGroup = F8DFC209282E654B0016068B /* Products */;
			projectDirPath = "";
			projectRoot = "";
			targets = (
				F8DFC207282E654B0016068B /* LeetCode */,
				F8DFC21C282E65610016068B /* LeetCodeTests */,
			);
		};
/* End PBXProject section */

/* Begin PBXResourcesBuildPhase section */
		F8DFC206282E654B0016068B /* Resources */ = {
			isa = PBXResourcesBuildPhase;
			buildActionMask = 2147483647;
			files = (
				F8DFC213282E654E0016068B /* Preview Assets.xcassets in Resources */,
				F8DFC210282E654E0016068B /* Assets.xcassets in Resources */,
			);
			runOnlyForDeploymentPostprocessing = 0;
		};
		F8DFC21B282E65610016068B /* Resources */ = {
			isa = PBXResourcesBuildPhase;
			buildActionMask = 2147483647;
			files = (
			);
			runOnlyForDeploymentPostprocessing = 0;
		};
/* End PBXResourcesBuildPhase section */

/* Begin PBXSourcesBuildPhase section */
		F8DFC204282E654B0016068B /* Sources */ = {
			isa = PBXSourcesBuildPhase;
			buildActionMask = 2147483647;
			files = (
				F8DFC230283001F30016068B /* TwoSum.swift in Sources */,
				F8DFC23828300E020016068B /* PalindromeNumber.swift in Sources */,
				F8DFC227282E657F0016068B /* AddTwoNumbers.swift in Sources */,
				F85C06472832D0BA00C7C1D1 /* ValidParentheses.swift in Sources */,
				F8DFC23C28300EC40016068B /* LongestCommonPrefix.swift in Sources */,
				F8DFC20E282E654B0016068B /* ContentView.swift in Sources */,
				F8DFC229282E68EB0016068B /* MultiplyStrings.swift in Sources */,
				F8DFC20C282E654B0016068B /* LeetCodeApp.swift in Sources */,
			);
			runOnlyForDeploymentPostprocessing = 0;
		};
		F8DFC219282E65610016068B /* Sources */ = {
			isa = PBXSourcesBuildPhase;
			buildActionMask = 2147483647;
			files = (
				F8DFC22B282E70980016068B /* MultiplyStringsTests.swift in Sources */,
				F8DFC23E28301D720016068B /* LongestCommonPrefixTests.swift in Sources */,
				F8DFC23A28300E1F0016068B /* PalindromeNumberTests.swift in Sources */,
				F85C06492832DEAA00C7C1D1 /* ValidParenthesesTests.swift in Sources */,
				F8DFC220282E65610016068B /* AddTwoNumbersTests.swift in Sources */,
				F8DFC2322830060A0016068B /* TwoSumTests.swift in Sources */,
			);
			runOnlyForDeploymentPostprocessing = 0;
		};
/* End PBXSourcesBuildPhase section */

/* Begin PBXTargetDependency section */
		F8DFC222282E65610016068B /* PBXTargetDependency */ = {
			isa = PBXTargetDependency;
			target = F8DFC207282E654B0016068B /* LeetCode */;
			targetProxy = F8DFC221282E65610016068B /* PBXContainerItemProxy */;
		};
/* End PBXTargetDependency section */

/* Begin XCBuildConfiguration section */
		F8DFC214282E654E0016068B /* Debug */ = {
			isa = XCBuildConfiguration;
			buildSettings = {
				ALWAYS_SEARCH_USER_PATHS = NO;
				CLANG_ANALYZER_NONNULL = YES;
				CLANG_ANALYZER_NUMBER_OBJECT_CONVERSION = YES_AGGRESSIVE;
				CLANG_CXX_LANGUAGE_STANDARD = "gnu++17";
				CLANG_ENABLE_MODULES = YES;
				CLANG_ENABLE_OBJC_ARC = YES;
				CLANG_ENABLE_OBJC_WEAK = YES;
				CLANG_WARN_BLOCK_CAPTURE_AUTORELEASING = YES;
				CLANG_WARN_BOOL_CONVERSION = YES;
				CLANG_WARN_COMMA = YES;
				CLANG_WARN_CONSTANT_CONVERSION = YES;
				CLANG_WARN_DEPRECATED_OBJC_IMPLEMENTATIONS = YES;
				CLANG_WARN_DIRECT_OBJC_ISA_USAGE = YES_ERROR;
				CLANG_WARN_DOCUMENTATION_COMMENTS = YES;
				CLANG_WARN_EMPTY_BODY = YES;
				CLANG_WARN_ENUM_CONVERSION = YES;
				CLANG_WARN_INFINITE_RECURSION = YES;
				CLANG_WARN_INT_CONVERSION = YES;
				CLANG_WARN_NON_LITERAL_NULL_CONVERSION = YES;
				CLANG_WARN_OBJC_IMPLICIT_RETAIN_SELF = YES;
				CLANG_WARN_OBJC_LITERAL_CONVERSION = YES;
				CLANG_WARN_OBJC_ROOT_CLASS = YES_ERROR;
				CLANG_WARN_QUOTED_INCLUDE_IN_FRAMEWORK_HEADER = YES;
				CLANG_WARN_RANGE_LOOP_ANALYSIS = YES;
				CLANG_WARN_STRICT_PROTOTYPES = YES;
				CLANG_WARN_SUSPICIOUS_MOVE = YES;
				CLANG_WARN_UNGUARDED_AVAILABILITY = YES_AGGRESSIVE;
				CLANG_WARN_UNREACHABLE_CODE = YES;
				CLANG_WARN__DUPLICATE_METHOD_MATCH = YES;
				COPY_PHASE_STRIP = NO;
				DEBUG_INFORMATION_FORMAT = dwarf;
				ENABLE_STRICT_OBJC_MSGSEND = YES;
				ENABLE_TESTABILITY = YES;
				GCC_C_LANGUAGE_STANDARD = gnu11;
				GCC_DYNAMIC_NO_PIC = NO;
				GCC_NO_COMMON_BLOCKS = YES;
				GCC_OPTIMIZATION_LEVEL = 0;
				GCC_PREPROCESSOR_DEFINITIONS = (
					"DEBUG=1",
					"$(inherited)",
				);
				GCC_WARN_64_TO_32_BIT_CONVERSION = YES;
				GCC_WARN_ABOUT_RETURN_TYPE = YES_ERROR;
				GCC_WARN_UNDECLARED_SELECTOR = YES;
				GCC_WARN_UNINITIALIZED_AUTOS = YES_AGGRESSIVE;
				GCC_WARN_UNUSED_FUNCTION = YES;
				GCC_WARN_UNUSED_VARIABLE = YES;
				IPHONEOS_DEPLOYMENT_TARGET = 15.4;
				MTL_ENABLE_DEBUG_INFO = INCLUDE_SOURCE;
				MTL_FAST_MATH = YES;
				ONLY_ACTIVE_ARCH = YES;
				SDKROOT = iphoneos;
				SWIFT_ACTIVE_COMPILATION_CONDITIONS = DEBUG;
				SWIFT_OPTIMIZATION_LEVEL = "-Onone";
			};
			name = Debug;
		};
		F8DFC215282E654E0016068B /* Release */ = {
			isa = XCBuildConfiguration;
			buildSettings = {
				ALWAYS_SEARCH_USER_PATHS = NO;
				CLANG_ANALYZER_NONNULL = YES;
				CLANG_ANALYZER_NUMBER_OBJECT_CONVERSION = YES_AGGRESSIVE;
				CLANG_CXX_LANGUAGE_STANDARD = "gnu++17";
				CLANG_ENABLE_MODULES = YES;
				CLANG_ENABLE_OBJC_ARC = YES;
				CLANG_ENABLE_OBJC_WEAK = YES;
				CLANG_WARN_BLOCK_CAPTURE_AUTORELEASING = YES;
				CLANG_WARN_BOOL_CONVERSION = YES;
				CLANG_WARN_COMMA = YES;
				CLANG_WARN_CONSTANT_CONVERSION = YES;
				CLANG_WARN_DEPRECATED_OBJC_IMPLEMENTATIONS = YES;
				CLANG_WARN_DIRECT_OBJC_ISA_USAGE = YES_ERROR;
				CLANG_WARN_DOCUMENTATION_COMMENTS = YES;
				CLANG_WARN_EMPTY_BODY = YES;
				CLANG_WARN_ENUM_CONVERSION = YES;
				CLANG_WARN_INFINITE_RECURSION = YES;
				CLANG_WARN_INT_CONVERSION = YES;
				CLANG_WARN_NON_LITERAL_NULL_CONVERSION = YES;
				CLANG_WARN_OBJC_IMPLICIT_RETAIN_SELF = YES;
				CLANG_WARN_OBJC_LITERAL_CONVERSION = YES;
				CLANG_WARN_OBJC_ROOT_CLASS = YES_ERROR;
				CLANG_WARN_QUOTED_INCLUDE_IN_FRAMEWORK_HEADER = YES;
				CLANG_WARN_RANGE_LOOP_ANALYSIS = YES;
				CLANG_WARN_STRICT_PROTOTYPES = YES;
				CLANG_WARN_SUSPICIOUS_MOVE = YES;
				CLANG_WARN_UNGUARDED_AVAILABILITY = YES_AGGRESSIVE;
				CLANG_WARN_UNREACHABLE_CODE = YES;
				CLANG_WARN__DUPLICATE_METHOD_MATCH = YES;
				COPY_PHASE_STRIP = NO;
				DEBUG_INFORMATION_FORMAT = "dwarf-with-dsym";
				ENABLE_NS_ASSERTIONS = NO;
				ENABLE_STRICT_OBJC_MSGSEND = YES;
				GCC_C_LANGUAGE_STANDARD = gnu11;
				GCC_NO_COMMON_BLOCKS = YES;
				GCC_WARN_64_TO_32_BIT_CONVERSION = YES;
				GCC_WARN_ABOUT_RETURN_TYPE = YES_ERROR;
				GCC_WARN_UNDECLARED_SELECTOR = YES;
				GCC_WARN_UNINITIALIZED_AUTOS = YES_AGGRESSIVE;
				GCC_WARN_UNUSED_FUNCTION = YES;
				GCC_WARN_UNUSED_VARIABLE = YES;
				IPHONEOS_DEPLOYMENT_TARGET = 15.4;
				MTL_ENABLE_DEBUG_INFO = NO;
				MTL_FAST_MATH = YES;
				SDKROOT = iphoneos;
				SWIFT_COMPILATION_MODE = wholemodule;
				SWIFT_OPTIMIZATION_LEVEL = "-O";
				VALIDATE_PRODUCT = YES;
			};
			name = Release;
		};
		F8DFC217282E654E0016068B /* Debug */ = {
			isa = XCBuildConfiguration;
			buildSettings = {
				ASSETCATALOG_COMPILER_APPICON_NAME = AppIcon;
				ASSETCATALOG_COMPILER_GLOBAL_ACCENT_COLOR_NAME = AccentColor;
				CODE_SIGN_STYLE = Automatic;
				CURRENT_PROJECT_VERSION = 1;
				DEVELOPMENT_ASSET_PATHS = "\"LeetCode/Preview Content\"";
				DEVELOPMENT_TEAM = F6WH3S8GMZ;
				ENABLE_PREVIEWS = YES;
				GENERATE_INFOPLIST_FILE = YES;
				INFOPLIST_KEY_UIApplicationSceneManifest_Generation = YES;
				INFOPLIST_KEY_UIApplicationSupportsIndirectInputEvents = YES;
				INFOPLIST_KEY_UILaunchScreen_Generation = YES;
				INFOPLIST_KEY_UISupportedInterfaceOrientations_iPad = "UIInterfaceOrientationPortrait UIInterfaceOrientationPortraitUpsideDown UIInterfaceOrientationLandscapeLeft UIInterfaceOrientationLandscapeRight";
				INFOPLIST_KEY_UISupportedInterfaceOrientations_iPhone = "UIInterfaceOrientationPortrait UIInterfaceOrientationLandscapeLeft UIInterfaceOrientationLandscapeRight";
				LD_RUNPATH_SEARCH_PATHS = (
					"$(inherited)",
					"@executable_path/Frameworks",
				);
				MARKETING_VERSION = 1.0;
				PRODUCT_BUNDLE_IDENTIFIER = co.MarinaRiad.LeetCode;
				PRODUCT_NAME = "$(TARGET_NAME)";
				SWIFT_EMIT_LOC_STRINGS = YES;
				SWIFT_VERSION = 5.0;
				TARGETED_DEVICE_FAMILY = "1,2";
			};
			name = Debug;
		};
		F8DFC218282E654E0016068B /* Release */ = {
			isa = XCBuildConfiguration;
			buildSettings = {
				ASSETCATALOG_COMPILER_APPICON_NAME = AppIcon;
				ASSETCATALOG_COMPILER_GLOBAL_ACCENT_COLOR_NAME = AccentColor;
				CODE_SIGN_STYLE = Automatic;
				CURRENT_PROJECT_VERSION = 1;
				DEVELOPMENT_ASSET_PATHS = "\"LeetCode/Preview Content\"";
				DEVELOPMENT_TEAM = F6WH3S8GMZ;
				ENABLE_PREVIEWS = YES;
				GENERATE_INFOPLIST_FILE = YES;
				INFOPLIST_KEY_UIApplicationSceneManifest_Generation = YES;
				INFOPLIST_KEY_UIApplicationSupportsIndirectInputEvents = YES;
				INFOPLIST_KEY_UILaunchScreen_Generation = YES;
				INFOPLIST_KEY_UISupportedInterfaceOrientations_iPad = "UIInterfaceOrientationPortrait UIInterfaceOrientationPortraitUpsideDown UIInterfaceOrientationLandscapeLeft UIInterfaceOrientationLandscapeRight";
				INFOPLIST_KEY_UISupportedInterfaceOrientations_iPhone = "UIInterfaceOrientationPortrait UIInterfaceOrientationLandscapeLeft UIInterfaceOrientationLandscapeRight";
				LD_RUNPATH_SEARCH_PATHS = (
					"$(inherited)",
					"@executable_path/Frameworks",
				);
				MARKETING_VERSION = 1.0;
				PRODUCT_BUNDLE_IDENTIFIER = co.MarinaRiad.LeetCode;
				PRODUCT_NAME = "$(TARGET_NAME)";
				SWIFT_EMIT_LOC_STRINGS = YES;
				SWIFT_VERSION = 5.0;
				TARGETED_DEVICE_FAMILY = "1,2";
			};
			name = Release;
		};
		F8DFC224282E65610016068B /* Debug */ = {
			isa = XCBuildConfiguration;
			buildSettings = {
				BUNDLE_LOADER = "$(TEST_HOST)";
				CODE_SIGN_STYLE = Automatic;
				CURRENT_PROJECT_VERSION = 1;
				DEVELOPMENT_TEAM = F6WH3S8GMZ;
				GENERATE_INFOPLIST_FILE = YES;
				MARKETING_VERSION = 1.0;
				PRODUCT_BUNDLE_IDENTIFIER = co.MarinaRiad.LeetCodeTests;
				PRODUCT_NAME = "$(TARGET_NAME)";
				SWIFT_EMIT_LOC_STRINGS = NO;
				SWIFT_VERSION = 5.0;
				TARGETED_DEVICE_FAMILY = "1,2";
				TEST_HOST = "$(BUILT_PRODUCTS_DIR)/LeetCode.app/LeetCode";
			};
			name = Debug;
		};
		F8DFC225282E65610016068B /* Release */ = {
			isa = XCBuildConfiguration;
			buildSettings = {
				BUNDLE_LOADER = "$(TEST_HOST)";
				CODE_SIGN_STYLE = Automatic;
				CURRENT_PROJECT_VERSION = 1;
				DEVELOPMENT_TEAM = F6WH3S8GMZ;
				GENERATE_INFOPLIST_FILE = YES;
				MARKETING_VERSION = 1.0;
				PRODUCT_BUNDLE_IDENTIFIER = co.MarinaRiad.LeetCodeTests;
				PRODUCT_NAME = "$(TARGET_NAME)";
				SWIFT_EMIT_LOC_STRINGS = NO;
				SWIFT_VERSION = 5.0;
				TARGETED_DEVICE_FAMILY = "1,2";
				TEST_HOST = "$(BUILT_PRODUCTS_DIR)/LeetCode.app/LeetCode";
			};
			name = Release;
		};
/* End XCBuildConfiguration section */

/* Begin XCConfigurationList section */
		F8DFC203282E654B0016068B /* Build configuration list for PBXProject "LeetCode" */ = {
			isa = XCConfigurationList;
			buildConfigurations = (
				F8DFC214282E654E0016068B /* Debug */,
				F8DFC215282E654E0016068B /* Release */,
			);
			defaultConfigurationIsVisible = 0;
			defaultConfigurationName = Release;
		};
		F8DFC216282E654E0016068B /* Build configuration list for PBXNativeTarget "LeetCode" */ = {
			isa = XCConfigurationList;
			buildConfigurations = (
				F8DFC217282E654E0016068B /* Debug */,
				F8DFC218282E654E0016068B /* Release */,
			);
			defaultConfigurationIsVisible = 0;
			defaultConfigurationName = Release;
		};
		F8DFC223282E65610016068B /* Build configuration list for PBXNativeTarget "LeetCodeTests" */ = {
			isa = XCConfigurationList;
			buildConfigurations = (
				F8DFC224282E65610016068B /* Debug */,
				F8DFC225282E65610016068B /* Release */,
			);
			defaultConfigurationIsVisible = 0;
			defaultConfigurationName = Release;
		};
/* End XCConfigurationList section */
	};
	rootObject = F8DFC200282E654B0016068B /* Project object */;
}
